
Microsoft Visual Studio Solution File, Format Version 12.00
# Visual Studio 15
VisualStudioVersion = 15.0.27130.2010
MinimumVisualStudioVersion = 10.0.40219.1
Project("{FAE04EC0-301F-11D3-BF4B-00C04F79EFBC}") = "FoodBook.Android", "FoodBook\FoodBook.Android\FoodBook.Android.csproj", "{DA5D5428-3216-4F05-A6B5-7D1D30073416}"
EndProject
Project("{FAE04EC0-301F-11D3-BF4B-00C04F79EFBC}") = "FoodBook.iOS", "FoodBook\FoodBook.iOS\FoodBook.iOS.csproj", "{B10E239C-F352-4F5F-93ED-AB8A32ACFF22}"
EndProject
Project("{FAE04EC0-301F-11D3-BF4B-00C04F79EFBC}") = "FoodBook.UWP", "FoodBook\FoodBook.UWP\FoodBook.UWP.csproj", "{989A550A-E40C-4A54-9038-A62BCD99AD19}"
EndProject
Project("{FAE04EC0-301F-11D3-BF4B-00C04F79EFBC}") = "FoodBook", "FoodBook\FoodBook\FoodBook.csproj", "{8514547F-3F35-46F6-A380-29C9E2800C04}"
EndProject
Global
	GlobalSection(SolutionConfigurationPlatforms) = preSolution
		Ad-Hoc|Any CPU = Ad-Hoc|Any CPU
		Ad-Hoc|ARM = Ad-Hoc|ARM
		Ad-Hoc|iPhone = Ad-Hoc|iPhone
		Ad-Hoc|iPhoneSimulator = Ad-Hoc|iPhoneSimulator
		Ad-Hoc|x64 = Ad-Hoc|x64
		Ad-Hoc|x86 = Ad-Hoc|x86
		AppStore|Any CPU = AppStore|Any CPU
		AppStore|ARM = AppStore|ARM
		AppStore|iPhone = AppStore|iPhone
		AppStore|iPhoneSimulator = AppStore|iPhoneSimulator
		AppStore|x64 = AppStore|x64
		AppStore|x86 = AppStore|x86
		Debug|Any CPU = Debug|Any CPU
		Debug|ARM = Debug|ARM
		Debug|iPhone = Debug|iPhone
		Debug|iPhoneSimulator = Debug|iPhoneSimulator
		Debug|x64 = Debug|x64
		Debug|x86 = Debug|x86
		Release|Any CPU = Release|Any CPU
		Release|ARM = Release|ARM
		Release|iPhone = Release|iPhone
		Release|iPhoneSimulator = Release|iPhoneSimulator
		Release|x64 = Release|x64
		Release|x86 = Release|x86
	EndGlobalSection
	GlobalSection(ProjectConfigurationPlatforms) = postSolution
		{DA5D5428-3216-4F05-A6B5-7D1D30073416}.Ad-Hoc|Any CPU.ActiveCfg = Release|Any CPU
		{DA5D5428-3216-4F05-A6B5-7D1D30073416}.Ad-Hoc|Any CPU.Build.0 = Release|Any CPU
		{DA5D5428-3216-4F05-A6B5-7D1D30073416}.Ad-Hoc|Any CPU.Deploy.0 = Release|Any CPU
		{DA5D5428-3216-4F05-A6B5-7D1D30073416}.Ad-Hoc|ARM.ActiveCfg = Release|Any CPU
		{DA5D5428-3216-4F05-A6B5-7D1D30073416}.Ad-Hoc|ARM.Build.0 = Release|Any CPU
		{DA5D5428-3216-4F05-A6B5-7D1D30073416}.Ad-Hoc|ARM.Deploy.0 = Release|Any CPU
		{DA5D5428-3216-4F05-A6B5-7D1D30073416}.Ad-Hoc|iPhone.ActiveCfg = Release|Any CPU
		{DA5D5428-3216-4F05-A6B5-7D1D30073416}.Ad-Hoc|iPhone.Build.0 = Release|Any CPU
		{DA5D5428-3216-4F05-A6B5-7D1D30073416}.Ad-Hoc|iPhone.Deploy.0 = Release|Any CPU
		{DA5D5428-3216-4F05-A6B5-7D1D30073416}.Ad-Hoc|iPhoneSimulator.ActiveCfg = Release|Any CPU
		{DA5D5428-3216-4F05-A6B5-7D1D30073416}.Ad-Hoc|iPhoneSimulator.Build.0 = Release|Any CPU
		{DA5D5428-3216-4F05-A6B5-7D1D30073416}.Ad-Hoc|iPhoneSimulator.Deploy.0 = Release|Any CPU
		{DA5D5428-3216-4F05-A6B5-7D1D30073416}.Ad-Hoc|x64.ActiveCfg = Release|Any CPU
		{DA5D5428-3216-4F05-A6B5-7D1D30073416}.Ad-Hoc|x64.Build.0 = Release|Any CPU
		{DA5D5428-3216-4F05-A6B5-7D1D30073416}.Ad-Hoc|x64.Deploy.0 = Release|Any CPU
		{DA5D5428-3216-4F05-A6B5-7D1D30073416}.Ad-Hoc|x86.ActiveCfg = Release|Any CPU
		{DA5D5428-3216-4F05-A6B5-7D1D30073416}.Ad-Hoc|x86.Build.0 = Release|Any CPU
		{DA5D5428-3216-4F05-A6B5-7D1D30073416}.Ad-Hoc|x86.Deploy.0 = Release|Any CPU
		{DA5D5428-3216-4F05-A6B5-7D1D30073416}.AppStore|Any CPU.ActiveCfg = Release|Any CPU
		{DA5D5428-3216-4F05-A6B5-7D1D30073416}.AppStore|Any CPU.Build.0 = Release|Any CPU
		{DA5D5428-3216-4F05-A6B5-7D1D30073416}.AppStore|Any CPU.Deploy.0 = Release|Any CPU
		{DA5D5428-3216-4F05-A6B5-7D1D30073416}.AppStore|ARM.ActiveCfg = Release|Any CPU
		{DA5D5428-3216-4F05-A6B5-7D1D30073416}.AppStore|ARM.Build.0 = Release|Any CPU
		{DA5D5428-3216-4F05-A6B5-7D1D30073416}.AppStore|ARM.Deploy.0 = Release|Any CPU
		{DA5D5428-3216-4F05-A6B5-7D1D30073416}.AppStore|iPhone.ActiveCfg = Release|Any CPU
		{DA5D5428-3216-4F05-A6B5-7D1D30073416}.AppStore|iPhone.Build.0 = Release|Any CPU
		{DA5D5428-3216-4F05-A6B5-7D1D30073416}.AppStore|iPhone.Deploy.0 = Release|Any CPU
		{DA5D5428-3216-4F05-A6B5-7D1D30073416}.AppStore|iPhoneSimulator.ActiveCfg = Release|Any CPU
		{DA5D5428-3216-4F05-A6B5-7D1D30073416}.AppStore|iPhoneSimulator.Build.0 = Release|Any CPU
		{DA5D5428-3216-4F05-A6B5-7D1D30073416}.AppStore|iPhoneSimulator.Deploy.0 = Release|Any CPU
		{DA5D5428-3216-4F05-A6B5-7D1D30073416}.AppStore|x64.ActiveCfg = Release|Any CPU
		{DA5D5428-3216-4F05-A6B5-7D1D30073416}.AppStore|x64.Build.0 = Release|Any CPU
		{DA5D5428-3216-4F05-A6B5-7D1D30073416}.AppStore|x64.Deploy.0 = Release|Any CPU
		{DA5D5428-3216-4F05-A6B5-7D1D30073416}.AppStore|x86.ActiveCfg = Release|Any CPU
		{DA5D5428-3216-4F05-A6B5-7D1D30073416}.AppStore|x86.Build.0 = Release|Any CPU
		{DA5D5428-3216-4F05-A6B5-7D1D30073416}.AppStore|x86.Deploy.0 = Release|Any CPU
		{DA5D5428-3216-4F05-A6B5-7D1D30073416}.Debug|Any CPU.ActiveCfg = Debug|Any CPU
		{DA5D5428-3216-4F05-A6B5-7D1D30073416}.Debug|Any CPU.Build.0 = Debug|Any CPU
		{DA5D5428-3216-4F05-A6B5-7D1D30073416}.Debug|Any CPU.Deploy.0 = Debug|Any CPU
		{DA5D5428-3216-4F05-A6B5-7D1D30073416}.Debug|ARM.ActiveCfg = Debug|Any CPU
		{DA5D5428-3216-4F05-A6B5-7D1D30073416}.Debug|ARM.Build.0 = Debug|Any CPU
		{DA5D5428-3216-4F05-A6B5-7D1D30073416}.Debug|ARM.Deploy.0 = Debug|Any CPU
		{DA5D5428-3216-4F05-A6B5-7D1D30073416}.Debug|iPhone.ActiveCfg = Debug|Any CPU
		{DA5D5428-3216-4F05-A6B5-7D1D30073416}.Debug|iPhone.Build.0 = Debug|Any CPU
		{DA5D5428-3216-4F05-A6B5-7D1D30073416}.Debug|iPhone.Deploy.0 = Debug|Any CPU
		{DA5D5428-3216-4F05-A6B5-7D1D30073416}.Debug|iPhoneSimulator.ActiveCfg = Debug|Any CPU
		{DA5D5428-3216-4F05-A6B5-7D1D30073416}.Debug|iPhoneSimulator.Build.0 = Debug|Any CPU
		{DA5D5428-3216-4F05-A6B5-7D1D30073416}.Debug|iPhoneSimulator.Deploy.0 = Debug|Any CPU
		{DA5D5428-3216-4F05-A6B5-7D1D30073416}.Debug|x64.ActiveCfg = Debug|Any CPU
		{DA5D5428-3216-4F05-A6B5-7D1D30073416}.Debug|x64.Build.0 = Debug|Any CPU
		{DA5D5428-3216-4F05-A6B5-7D1D30073416}.Debug|x64.Deploy.0 = Debug|Any CPU
		{DA5D5428-3216-4F05-A6B5-7D1D30073416}.Debug|x86.ActiveCfg = Debug|Any CPU
		{DA5D5428-3216-4F05-A6B5-7D1D30073416}.Debug|x86.Build.0 = Debug|Any CPU
		{DA5D5428-3216-4F05-A6B5-7D1D30073416}.Debug|x86.Deploy.0 = Debug|Any CPU
		{DA5D5428-3216-4F05-A6B5-7D1D30073416}.Release|Any CPU.ActiveCfg = Release|Any CPU
		{DA5D5428-3216-4F05-A6B5-7D1D30073416}.Release|Any CPU.Build.0 = Release|Any CPU
		{DA5D5428-3216-4F05-A6B5-7D1D30073416}.Release|Any CPU.Deploy.0 = Release|Any CPU
		{DA5D5428-3216-4F05-A6B5-7D1D30073416}.Release|ARM.ActiveCfg = Release|Any CPU
		{DA5D5428-3216-4F05-A6B5-7D1D30073416}.Release|ARM.Build.0 = Release|Any CPU
		{DA5D5428-3216-4F05-A6B5-7D1D30073416}.Release|ARM.Deploy.0 = Release|Any CPU
		{DA5D5428-3216-4F05-A6B5-7D1D30073416}.Release|iPhone.ActiveCfg = Release|Any CPU
		{DA5D5428-3216-4F05-A6B5-7D1D30073416}.Release|iPhone.Build.0 = Release|Any CPU
		{DA5D5428-3216-4F05-A6B5-7D1D30073416}.Release|iPhone.Deploy.0 = Release|Any CPU
		{DA5D5428-3216-4F05-A6B5-7D1D30073416}.Release|iPhoneSimulator.ActiveCfg = Release|Any CPU
		{DA5D5428-3216-4F05-A6B5-7D1D30073416}.Release|iPhoneSimulator.Build.0 = Release|Any CPU
		{DA5D5428-3216-4F05-A6B5-7D1D30073416}.Release|iPhoneSimulator.Deploy.0 = Release|Any CPU
		{DA5D5428-3216-4F05-A6B5-7D1D30073416}.Release|x64.ActiveCfg = Release|Any CPU
		{DA5D5428-3216-4F05-A6B5-7D1D30073416}.Release|x64.Build.0 = Release|Any CPU
		{DA5D5428-3216-4F05-A6B5-7D1D30073416}.Release|x64.Deploy.0 = Release|Any CPU
		{DA5D5428-3216-4F05-A6B5-7D1D30073416}.Release|x86.ActiveCfg = Release|Any CPU
		{DA5D5428-3216-4F05-A6B5-7D1D30073416}.Release|x86.Build.0 = Release|Any CPU
		{DA5D5428-3216-4F05-A6B5-7D1D30073416}.Release|x86.Deploy.0 = Release|Any CPU
		{B10E239C-F352-4F5F-93ED-AB8A32ACFF22}.Ad-Hoc|Any CPU.ActiveCfg = Ad-Hoc|iPhone
		{B10E239C-F352-4F5F-93ED-AB8A32ACFF22}.Ad-Hoc|ARM.ActiveCfg = Ad-Hoc|iPhone
		{B10E239C-F352-4F5F-93ED-AB8A32ACFF22}.Ad-Hoc|iPhone.ActiveCfg = Ad-Hoc|iPhone
		{B10E239C-F352-4F5F-93ED-AB8A32ACFF22}.Ad-Hoc|iPhone.Build.0 = Ad-Hoc|iPhone
		{B10E239C-F352-4F5F-93ED-AB8A32ACFF22}.Ad-Hoc|iPhoneSimulator.ActiveCfg = Ad-Hoc|iPhoneSimulator
		{B10E239C-F352-4F5F-93ED-AB8A32ACFF22}.Ad-Hoc|iPhoneSimulator.Build.0 = Ad-Hoc|iPhoneSimulator
		{B10E239C-F352-4F5F-93ED-AB8A32ACFF22}.Ad-Hoc|x64.ActiveCfg = Ad-Hoc|iPhone
		{B10E239C-F352-4F5F-93ED-AB8A32ACFF22}.Ad-Hoc|x86.ActiveCfg = Ad-Hoc|iPhone
		{B10E239C-F352-4F5F-93ED-AB8A32ACFF22}.AppStore|Any CPU.ActiveCfg = AppStore|iPhone
		{B10E239C-F352-4F5F-93ED-AB8A32ACFF22}.AppStore|ARM.ActiveCfg = AppStore|iPhone
		{B10E239C-F352-4F5F-93ED-AB8A32ACFF22}.AppStore|iPhone.ActiveCfg = AppStore|iPhone
		{B10E239C-F352-4F5F-93ED-AB8A32ACFF22}.AppStore|iPhone.Build.0 = AppStore|iPhone
		{B10E239C-F352-4F5F-93ED-AB8A32ACFF22}.AppStore|iPhoneSimulator.ActiveCfg = AppStore|iPhoneSimulator
		{B10E239C-F352-4F5F-93ED-AB8A32ACFF22}.AppStore|iPhoneSimulator.Build.0 = AppStore|iPhoneSimulator
		{B10E239C-F352-4F5F-93ED-AB8A32ACFF22}.AppStore|x64.ActiveCfg = AppStore|iPhone
		{B10E239C-F352-4F5F-93ED-AB8A32ACFF22}.AppStore|x86.ActiveCfg = AppStore|iPhone
		{B10E239C-F352-4F5F-93ED-AB8A32ACFF22}.Debug|Any CPU.ActiveCfg = Debug|iPhone
		{B10E239C-F352-4F5F-93ED-AB8A32ACFF22}.Debug|ARM.ActiveCfg = Debug|iPhone
		{B10E239C-F352-4F5F-93ED-AB8A32ACFF22}.Debug|iPhone.ActiveCfg = Debug|iPhone
		{B10E239C-F352-4F5F-93ED-AB8A32ACFF22}.Debug|iPhone.Build.0 = Debug|iPhone
		{B10E239C-F352-4F5F-93ED-AB8A32ACFF22}.Debug|iPhoneSimulator.ActiveCfg = Debug|iPhoneSimulator
		{B10E239C-F352-4F5F-93ED-AB8A32ACFF22}.Debug|iPhoneSimulator.Build.0 = Debug|iPhoneSimulator
		{B10E239C-F352-4F5F-93ED-AB8A32ACFF22}.Debug|x64.ActiveCfg = Debug|iPhone
		{B10E239C-F352-4F5F-93ED-AB8A32ACFF22}.Debug|x86.ActiveCfg = Debug|iPhone
		{B10E239C-F352-4F5F-93ED-AB8A32ACFF22}.Release|Any CPU.ActiveCfg = Release|iPhone
		{B10E239C-F352-4F5F-93ED-AB8A32ACFF22}.Release|ARM.ActiveCfg = Release|iPhone
		{B10E239C-F352-4F5F-93ED-AB8A32ACFF22}.Release|iPhone.ActiveCfg = Release|iPhone
		{B10E239C-F352-4F5F-93ED-AB8A32ACFF22}.Release|iPhone.Build.0 = Release|iPhone
		{B10E239C-F352-4F5F-93ED-AB8A32ACFF22}.Release|iPhoneSimulator.ActiveCfg = Release|iPhoneSimulator
		{B10E239C-F352-4F5F-93ED-AB8A32ACFF22}.Release|iPhoneSimulator.Build.0 = Release|iPhoneSimulator
		{B10E239C-F352-4F5F-93ED-AB8A32ACFF22}.Release|x64.ActiveCfg = Release|iPhone
		{B10E239C-F352-4F5F-93ED-AB8A32ACFF22}.Release|x86.ActiveCfg = Release|iPhone
		{989A550A-E40C-4A54-9038-A62BCD99AD19}.Ad-Hoc|Any CPU.ActiveCfg = Release|x86
		{989A550A-E40C-4A54-9038-A62BCD99AD19}.Ad-Hoc|Any CPU.Build.0 = Release|x86
		{989A550A-E40C-4A54-9038-A62BCD99AD19}.Ad-Hoc|Any CPU.Deploy.0 = Release|x86
		{989A550A-E40C-4A54-9038-A62BCD99AD19}.Ad-Hoc|ARM.ActiveCfg = Release|ARM
		{989A550A-E40C-4A54-9038-A62BCD99AD19}.Ad-Hoc|ARM.Build.0 = Release|ARM
		{989A550A-E40C-4A54-9038-A62BCD99AD19}.Ad-Hoc|ARM.Deploy.0 = Release|ARM
		{989A550A-E40C-4A54-9038-A62BCD99AD19}.Ad-Hoc|iPhone.ActiveCfg = Release|x86
		{989A550A-E40C-4A54-9038-A62BCD99AD19}.Ad-Hoc|iPhone.Build.0 = Release|x86
		{989A550A-E40C-4A54-9038-A62BCD99AD19}.Ad-Hoc|iPhone.Deploy.0 = Release|x86
		{989A550A-E40C-4A54-9038-A62BCD99AD19}.Ad-Hoc|iPhoneSimulator.ActiveCfg = Release|x86
		{989A550A-E40C-4A54-9038-A62BCD99AD19}.Ad-Hoc|iPhoneSimulator.Build.0 = Release|x86
		{989A550A-E40C-4A54-9038-A62BCD99AD19}.Ad-Hoc|iPhoneSimulator.Deploy.0 = Release|x86
		{989A550A-E40C-4A54-9038-A62BCD99AD19}.Ad-Hoc|x64.ActiveCfg = Release|x64
		{989A550A-E40C-4A54-9038-A62BCD99AD19}.Ad-Hoc|x64.Build.0 = Release|x64
		{989A550A-E40C-4A54-9038-A62BCD99AD19}.Ad-Hoc|x64.Deploy.0 = Release|x64
		{989A550A-E40C-4A54-9038-A62BCD99AD19}.Ad-Hoc|x86.ActiveCfg = Release|x86
		{989A550A-E40C-4A54-9038-A62BCD99AD19}.Ad-Hoc|x86.Build.0 = Release|x86
		{989A550A-E40C-4A54-9038-A62BCD99AD19}.Ad-Hoc|x86.Deploy.0 = Release|x86
		{989A550A-E40C-4A54-9038-A62BCD99AD19}.AppStore|Any CPU.ActiveCfg = Release|x86
		{989A550A-E40C-4A54-9038-A62BCD99AD19}.AppStore|Any CPU.Build.0 = Release|x86
		{989A550A-E40C-4A54-9038-A62BCD99AD19}.AppStore|Any CPU.Deploy.0 = Release|x86
		{989A550A-E40C-4A54-9038-A62BCD99AD19}.AppStore|ARM.ActiveCfg = Release|ARM
		{989A550A-E40C-4A54-9038-A62BCD99AD19}.AppStore|ARM.Build.0 = Release|ARM
		{989A550A-E40C-4A54-9038-A62BCD99AD19}.AppStore|ARM.Deploy.0 = Release|ARM
		{989A550A-E40C-4A54-9038-A62BCD99AD19}.AppStore|iPhone.ActiveCfg = Release|x86
		{989A550A-E40C-4A54-9038-A62BCD99AD19}.AppStore|iPhone.Build.0 = Release|x86
		{989A550A-E40C-4A54-9038-A62BCD99AD19}.AppStore|iPhone.Deploy.0 = Release|x86
		{989A550A-E40C-4A54-9038-A62BCD99AD19}.AppStore|iPhoneSimulator.ActiveCfg = Release|x86
		{989A550A-E40C-4A54-9038-A62BCD99AD19}.AppStore|iPhoneSimulator.Build.0 = Release|x86
		{989A550A-E40C-4A54-9038-A62BCD99AD19}.AppStore|iPhoneSimulator.Deploy.0 = Release|x86
		{989A550A-E40C-4A54-9038-A62BCD99AD19}.AppStore|x64.ActiveCfg = Release|x64
		{989A550A-E40C-4A54-9038-A62BCD99AD19}.AppStore|x64.Build.0 = Release|x64
		{989A550A-E40C-4A54-9038-A62BCD99AD19}.AppStore|x64.Deploy.0 = Release|x64
		{989A550A-E40C-4A54-9038-A62BCD99AD19}.AppStore|x86.ActiveCfg = Release|x86
		{989A550A-E40C-4A54-9038-A62BCD99AD19}.AppStore|x86.Build.0 = Release|x86
		{989A550A-E40C-4A54-9038-A62BCD99AD19}.AppStore|x86.Deploy.0 = Release|x86
		{989A550A-E40C-4A54-9038-A62BCD99AD19}.Debug|Any CPU.ActiveCfg = Debug|x86
		{989A550A-E40C-4A54-9038-A62BCD99AD19}.Debug|ARM.ActiveCfg = Debug|ARM
		{989A550A-E40C-4A54-9038-A62BCD99AD19}.Debug|ARM.Build.0 = Debug|ARM
		{989A550A-E40C-4A54-9038-A62BCD99AD19}.Debug|ARM.Deploy.0 = Debug|ARM
		{989A550A-E40C-4A54-9038-A62BCD99AD19}.Debug|iPhone.ActiveCfg = Debug|x86
		{989A550A-E40C-4A54-9038-A62BCD99AD19}.Debug|iPhoneSimulator.ActiveCfg = Debug|x86
		{989A550A-E40C-4A54-9038-A62BCD99AD19}.Debug|x64.ActiveCfg = Debug|x64
		{989A550A-E40C-4A54-9038-A62BCD99AD19}.Debug|x64.Build.0 = Debug|x64
		{989A550A-E40C-4A54-9038-A62BCD99AD19}.Debug|x64.Deploy.0 = Debug|x64
		{989A550A-E40C-4A54-9038-A62BCD99AD19}.Debug|x86.ActiveCfg = Debug|x86
		{989A550A-E40C-4A54-9038-A62BCD99AD19}.Debug|x86.Build.0 = Debug|x86
		{989A550A-E40C-4A54-9038-A62BCD99AD19}.Debug|x86.Deploy.0 = Debug|x86
		{989A550A-E40C-4A54-9038-A62BCD99AD19}.Release|Any CPU.ActiveCfg = Release|x86
		{989A550A-E40C-4A54-9038-A62BCD99AD19}.Release|ARM.ActiveCfg = Release|ARM
		{989A550A-E40C-4A54-9038-A62BCD99AD19}.Release|ARM.Build.0 = Release|ARM
		{989A550A-E40C-4A54-9038-A62BCD99AD19}.Release|ARM.Deploy.0 = Release|ARM
		{989A550A-E40C-4A54-9038-A62BCD99AD19}.Release|iPhone.ActiveCfg = Release|x86
		{989A550A-E40C-4A54-9038-A62BCD99AD19}.Release|iPhoneSimulator.ActiveCfg = Release|x86
		{989A550A-E40C-4A54-9038-A62BCD99AD19}.Release|x64.ActiveCfg = Release|x64
		{989A550A-E40C-4A54-9038-A62BCD99AD19}.Release|x64.Build.0 = Release|x64
		{989A550A-E40C-4A54-9038-A62BCD99AD19}.Release|x64.Deploy.0 = Release|x64
		{989A550A-E40C-4A54-9038-A62BCD99AD19}.Release|x86.ActiveCfg = Release|x86
		{989A550A-E40C-4A54-9038-A62BCD99AD19}.Release|x86.Build.0 = Release|x86
		{989A550A-E40C-4A54-9038-A62BCD99AD19}.Release|x86.Deploy.0 = Release|x86
		{8514547F-3F35-46F6-A380-29C9E2800C04}.Ad-Hoc|Any CPU.ActiveCfg = Debug|Any CPU
		{8514547F-3F35-46F6-A380-29C9E2800C04}.Ad-Hoc|Any CPU.Build.0 = Debug|Any CPU
		{8514547F-3F35-46F6-A380-29C9E2800C04}.Ad-Hoc|ARM.ActiveCfg = Debug|Any CPU
		{8514547F-3F35-46F6-A380-29C9E2800C04}.Ad-Hoc|ARM.Build.0 = Debug|Any CPU
		{8514547F-3F35-46F6-A380-29C9E2800C04}.Ad-Hoc|iPhone.ActiveCfg = Debug|Any CPU
		{8514547F-3F35-46F6-A380-29C9E2800C04}.Ad-Hoc|iPhone.Build.0 = Debug|Any CPU
		{8514547F-3F35-46F6-A380-29C9E2800C04}.Ad-Hoc|iPhoneSimulator.ActiveCfg = Debug|Any CPU
		{8514547F-3F35-46F6-A380-29C9E2800C04}.Ad-Hoc|iPhoneSimulator.Build.0 = Debug|Any CPU
		{8514547F-3F35-46F6-A380-29C9E2800C04}.Ad-Hoc|x64.ActiveCfg = Debug|Any CPU
		{8514547F-3F35-46F6-A380-29C9E2800C04}.Ad-Hoc|x64.Build.0 = Debug|Any CPU
		{8514547F-3F35-46F6-A380-29C9E2800C04}.Ad-Hoc|x86.ActiveCfg = Debug|Any CPU
		{8514547F-3F35-46F6-A380-29C9E2800C04}.Ad-Hoc|x86.Build.0 = Debug|Any CPU
		{8514547F-3F35-46F6-A380-29C9E2800C04}.AppStore|Any CPU.ActiveCfg = Debug|Any CPU
		{8514547F-3F35-46F6-A380-29C9E2800C04}.AppStore|Any CPU.Build.0 = Debug|Any CPU
		{8514547F-3F35-46F6-A380-29C9E2800C04}.AppStore|ARM.ActiveCfg = Debug|Any CPU
		{8514547F-3F35-46F6-A380-29C9E2800C04}.AppStore|ARM.Build.0 = Debug|Any CPU
		{8514547F-3F35-46F6-A380-29C9E2800C04}.AppStore|iPhone.ActiveCfg = Debug|Any CPU
		{8514547F-3F35-46F6-A380-29C9E2800C04}.AppStore|iPhone.Build.0 = Debug|Any CPU
		{8514547F-3F35-46F6-A380-29C9E2800C04}.AppStore|iPhoneSimulator.ActiveCfg = Debug|Any CPU
		{8514547F-3F35-46F6-A380-29C9E2800C04}.AppStore|iPhoneSimulator.Build.0 = Debug|Any CPU
		{8514547F-3F35-46F6-A380-29C9E2800C04}.AppStore|x64.ActiveCfg = Debug|Any CPU
		{8514547F-3F35-46F6-A380-29C9E2800C04}.AppStore|x64.Build.0 = Debug|Any CPU
		{8514547F-3F35-46F6-A380-29C9E2800C04}.AppStore|x86.ActiveCfg = Debug|Any CPU
		{8514547F-3F35-46F6-A380-29C9E2800C04}.AppStore|x86.Build.0 = Debug|Any CPU
		{8514547F-3F35-46F6-A380-29C9E2800C04}.Debug|Any CPU.ActiveCfg = Debug|Any CPU
		{8514547F-3F35-46F6-A380-29C9E2800C04}.Debug|Any CPU.Build.0 = Debug|Any CPU
		{8514547F-3F35-46F6-A380-29C9E2800C04}.Debug|ARM.ActiveCfg = Debug|Any CPU
		{8514547F-3F35-46F6-A380-29C9E2800C04}.Debug|ARM.Build.0 = Debug|Any CPU
		{8514547F-3F35-46F6-A380-29C9E2800C04}.Debug|iPhone.ActiveCfg = Debug|Any CPU
		{8514547F-3F35-46F6-A380-29C9E2800C04}.Debug|iPhone.Build.0 = Debug|Any CPU
		{8514547F-3F35-46F6-A380-29C9E2800C04}.Debug|iPhoneSimulator.ActiveCfg = Debug|Any CPU
		{8514547F-3F35-46F6-A380-29C9E2800C04}.Debug|iPhoneSimulator.Build.0 = Debug|Any CPU
		{8514547F-3F35-46F6-A380-29C9E2800C04}.Debug|x64.ActiveCfg = Debug|Any CPU
		{8514547F-3F35-46F6-A380-29C9E2800C04}.Debug|x64.Build.0 = Debug|Any CPU
		{8514547F-3F35-46F6-A380-29C9E2800C04}.Debug|x86.ActiveCfg = Debug|Any CPU
		{8514547F-3F35-46F6-A380-29C9E2800C04}.Debug|x86.Build.0 = Debug|Any CPU
		{8514547F-3F35-46F6-A380-29C9E2800C04}.Release|Any CPU.ActiveCfg = Release|Any CPU
		{8514547F-3F35-46F6-A380-29C9E2800C04}.Release|Any CPU.Build.0 = Release|Any CPU
		{8514547F-3F35-46F6-A380-29C9E2800C04}.Release|ARM.ActiveCfg = Release|Any CPU
		{8514547F-3F35-46F6-A380-29C9E2800C04}.Release|ARM.Build.0 = Release|Any CPU
		{8514547F-3F35-46F6-A380-29C9E2800C04}.Release|iPhone.ActiveCfg = Release|Any CPU
		{8514547F-3F35-46F6-A380-29C9E2800C04}.Release|iPhone.Build.0 = Release|Any CPU
		{8514547F-3F35-46F6-A380-29C9E2800C04}.Release|iPhoneSimulator.ActiveCfg = Release|Any CPU
		{8514547F-3F35-46F6-A380-29C9E2800C04}.Release|iPhoneSimulator.Build.0 = Release|Any CPU
		{8514547F-3F35-46F6-A380-29C9E2800C04}.Release|x64.ActiveCfg = Release|Any CPU
		{8514547F-3F35-46F6-A380-29C9E2800C04}.Release|x64.Build.0 = Release|Any CPU
		{8514547F-3F35-46F6-A380-29C9E2800C04}.Release|x86.ActiveCfg = Release|Any CPU
		{8514547F-3F35-46F6-A380-29C9E2800C04}.Release|x86.Build.0 = Release|Any CPU
	EndGlobalSection
	GlobalSection(SolutionProperties) = preSolution
		HideSolutionNode = FALSE
	EndGlobalSection
	GlobalSection(ExtensibilityGlobals) = postSolution
		SolutionGuid = {0839D0C5-5B52-4A87-9116-F6EF955F32E5}
	EndGlobalSection
EndGlobal
